{
  "name": "@wandering/emailpassword",
  "version": "1.0.0",
  "lockfileVersion": 3,
  "requires": true,
  "packages": {
    "": {
      "name": "@wandering/emailpassword",
      "version": "1.0.0",
      "license": "ISC",
      "dependencies": {
        "@wandering/emailpassword": "^1.0.0"
      }
    },
    "node_modules/@wandering/emailpassword": {
      "version": "1.0.0",
      "resolved": "https://registry.npmjs.org/@wandering/emailpassword/-/emailpassword-1.0.0.tgz",
      "integrity": "sha512-bOUosJAG8xVDEZK+MKcK3V94kvl8z8TIPP2zO/5D245uXVmoC0C0fAyZjxK7OAG1l5XTK6UIWPkynzD/FSgcHw==",
      "license": "ISC"
    }
  }
}
